<Solution>
  <Configurations>
    <Platform Name="Any CPU" />
    <Platform Name="ARM64" />
    <Platform Name="x64" />
  </Configurations>
  <Folder Name="/docs/" />
  <Project Path="ReTouchCursorGuard/ReTouchCursorGuard.vcxproj" Id="b41fd244-5bad-4358-9a07-6554793a24ab">
    <Platform Project="x64" />
  </Project>
  <Project Path="ReTouchCursorProbe/ReTouchCursorProbe.vcxproj" Id="655f067d-cfea-4ac3-8ed6-19a758d78b36">
    <Platform Project="x64" />
  </Project>
  <Project Path="ReTouchCursorSuppressionProbe/ReTouchCursorSuppressionProbe.vcxproj" Id="281a0218-d0f1-49e5-8818-5fb9e31172b7">
    <Platform Project="x64" />
  </Project>
  <Project Path="ReTouchPointerProbe/ReTouchPointerProbe.vcxproj" Id="19c565d7-3c3e-4c45-95a8-4af47170a90b">
    <Platform Project="x64" />
  </Project>
  <Project Path="ReTouchStats/ReTouchStats.vcxproj" Id="5f562c62-0575-46b4-b4a2-735ff9804249">
    <Platform Project="x64" />
  </Project>
  <Project Path="ReTouchVirtualDevice/ReTouchVirtualDevice.vcxproj">
    <Deploy />
  </Project>
  <Project Path="test/test.vcxproj" Id="6b95f909-e09d-4508-af7d-3422c8b3057a">
    <Platform Project="x64" />
  </Project>
  <Project Path="TridentCaptureFilter/TridentCaptureFilter.vcxproj">
    <Deploy />
  </Project>
  <Project Path="TridentHidIoctlAnalyzer/TridentHidIoctlAnalyzer.vcxproj" Id="96f6b711-dffc-447d-8c47-0cf6284959f2">
    <Platform Project="x64" />
  </Project>
  <Project Path="TridentInputHook/TridentInputHook.vcxproj" Id="47bbc61b-1855-4bb5-9e1e-6db1a3049530">
    <Platform Project="x64" />
  </Project>
  <Project Path="user/user.csproj" />
</Solution>
